
Microsoft Visual Studio Solution File, Format Version 12.00
# Visual Studio Version 17
VisualStudioVersion = 17.3.32929.385
MinimumVisualStudioVersion = 10.0.40219.1
Project("{9A19103F-16F7-4668-BE54-9A1E7A4F7556}") = "UrlShortener.Service", "UrlShortener.Service\UrlShortener.Service.csproj", "{3832B186-BC7E-48E4-99FB-DD5F7010B27D}"
EndProject
Project("{9A19103F-16F7-4668-BE54-9A1E7A4F7556}") = "Repository.Pattern.Generic", "Repository.Pattern.Generic\Repository.Pattern.Generic.csproj", "{D0402B5A-292F-4AEF-B0F1-7DD52223124C}"
EndProject
Project("{9A19103F-16F7-4668-BE54-9A1E7A4F7556}") = "Repository.Pattern.MongoDb", "Repository.Pattern.MongoDB\Repository.Pattern.MongoDb.csproj", "{0932CED0-BB7F-4C68-8374-0D42FE59D985}"
EndProject
Project("{2150E333-8FDC-42A3-9474-1A3956D46DE8}") = "Solution Items", "Solution Items", "{1BBAB359-53F0-420B-946D-C8EFC2EF087A}"
	ProjectSection(SolutionItems) = preProject
		docker-compose.yml = docker-compose.yml
	EndProjectSection
EndProject
Project("{9A19103F-16F7-4668-BE54-9A1E7A4F7556}") = "UrlShortener.Tests", "UrlShortener.Tests\UrlShortener.Tests.csproj", "{3283A2C3-F955-4C81-8C65-139B97C469C1}"
EndProject
Project("{9A19103F-16F7-4668-BE54-9A1E7A4F7556}") = "MLModel_ConsoleApp", "MLModel_ConsoleApp\MLModel_ConsoleApp.csproj", "{6C7D2FFC-8CEE-4B02-96F6-C5A05992BE76}"
EndProject
Project("{FAE04EC0-301F-11D3-BF4B-00C04F79EFBC}") = "UrlShortener.Client", "UrlShortener.Client\UrlShortener.Client.csproj", "{CF457316-F0AF-4554-BC93-F47273347D82}"
EndProject
Global
	GlobalSection(SolutionConfigurationPlatforms) = preSolution
		Debug|Any CPU = Debug|Any CPU
		Release|Any CPU = Release|Any CPU
	EndGlobalSection
	GlobalSection(ProjectConfigurationPlatforms) = postSolution
		{3832B186-BC7E-48E4-99FB-DD5F7010B27D}.Debug|Any CPU.ActiveCfg = Debug|Any CPU
		{3832B186-BC7E-48E4-99FB-DD5F7010B27D}.Debug|Any CPU.Build.0 = Debug|Any CPU
		{3832B186-BC7E-48E4-99FB-DD5F7010B27D}.Release|Any CPU.ActiveCfg = Release|Any CPU
		{3832B186-BC7E-48E4-99FB-DD5F7010B27D}.Release|Any CPU.Build.0 = Release|Any CPU
		{D0402B5A-292F-4AEF-B0F1-7DD52223124C}.Debug|Any CPU.ActiveCfg = Debug|Any CPU
		{D0402B5A-292F-4AEF-B0F1-7DD52223124C}.Debug|Any CPU.Build.0 = Debug|Any CPU
		{D0402B5A-292F-4AEF-B0F1-7DD52223124C}.Release|Any CPU.ActiveCfg = Release|Any CPU
		{D0402B5A-292F-4AEF-B0F1-7DD52223124C}.Release|Any CPU.Build.0 = Release|Any CPU
		{0932CED0-BB7F-4C68-8374-0D42FE59D985}.Debug|Any CPU.ActiveCfg = Debug|Any CPU
		{0932CED0-BB7F-4C68-8374-0D42FE59D985}.Debug|Any CPU.Build.0 = Debug|Any CPU
		{0932CED0-BB7F-4C68-8374-0D42FE59D985}.Release|Any CPU.ActiveCfg = Release|Any CPU
		{0932CED0-BB7F-4C68-8374-0D42FE59D985}.Release|Any CPU.Build.0 = Release|Any CPU
		{3283A2C3-F955-4C81-8C65-139B97C469C1}.Debug|Any CPU.ActiveCfg = Debug|Any CPU
		{3283A2C3-F955-4C81-8C65-139B97C469C1}.Debug|Any CPU.Build.0 = Debug|Any CPU
		{3283A2C3-F955-4C81-8C65-139B97C469C1}.Release|Any CPU.ActiveCfg = Release|Any CPU
		{3283A2C3-F955-4C81-8C65-139B97C469C1}.Release|Any CPU.Build.0 = Release|Any CPU
		{6C7D2FFC-8CEE-4B02-96F6-C5A05992BE76}.Debug|Any CPU.ActiveCfg = Debug|Any CPU
		{6C7D2FFC-8CEE-4B02-96F6-C5A05992BE76}.Debug|Any CPU.Build.0 = Debug|Any CPU
		{6C7D2FFC-8CEE-4B02-96F6-C5A05992BE76}.Release|Any CPU.ActiveCfg = Release|Any CPU
		{6C7D2FFC-8CEE-4B02-96F6-C5A05992BE76}.Release|Any CPU.Build.0 = Release|Any CPU
		{CF457316-F0AF-4554-BC93-F47273347D82}.Debug|Any CPU.ActiveCfg = Debug|Any CPU
		{CF457316-F0AF-4554-BC93-F47273347D82}.Debug|Any CPU.Build.0 = Debug|Any CPU
		{CF457316-F0AF-4554-BC93-F47273347D82}.Release|Any CPU.ActiveCfg = Release|Any CPU
		{CF457316-F0AF-4554-BC93-F47273347D82}.Release|Any CPU.Build.0 = Release|Any CPU
	EndGlobalSection
	GlobalSection(SolutionProperties) = preSolution
		HideSolutionNode = FALSE
	EndGlobalSection
	GlobalSection(ExtensibilityGlobals) = postSolution
		SolutionGuid = {4147959C-05AB-4C46-A499-9314AD1A42D9}
	EndGlobalSection
EndGlobal
